
Microsoft Visual Studio Solution File, Format Version 12.00
# Visual Studio Version 17
VisualStudioVersion = 17.0.32014.148
MinimumVisualStudioVersion = 10.0.40219.1
Project("{FAE04EC0-301F-11D3-BF4B-00C04F79EFBC}") = "myFirstWebAPI", "myFirstWebAPI\myFirstWebAPI.csproj", "{EC7FDE7D-4C2E-402D-9BB9-51D5BBC92092}"
EndProject
Global
	GlobalSection(SolutionConfigurationPlatforms) = preSolution
		Debug|Any CPU = Debug|Any CPU
		Release|Any CPU = Release|Any CPU
	EndGlobalSection
	GlobalSection(ProjectConfigurationPlatforms) = postSolution
		{EC7FDE7D-4C2E-402D-9BB9-51D5BBC92092}.Debug|Any CPU.ActiveCfg = Debug|Any CPU
		{EC7FDE7D-4C2E-402D-9BB9-51D5BBC92092}.Debug|Any CPU.Build.0 = Debug|Any CPU
		{EC7FDE7D-4C2E-402D-9BB9-51D5BBC92092}.Release|Any CPU.ActiveCfg = Release|Any CPU
		{EC7FDE7D-4C2E-402D-9BB9-51D5BBC92092}.Release|Any CPU.Build.0 = Release|Any CPU
	EndGlobalSection
	GlobalSection(SolutionProperties) = preSolution
		HideSolutionNode = FALSE
	EndGlobalSection
	GlobalSection(ExtensibilityGlobals) = postSolution
		SolutionGuid = {3B639D64-DD8A-4506-AD0E-59C89C2F34DB}
	EndGlobalSection
EndGlobal
